
Microsoft Visual Studio Solution File, Format Version 12.00
Project("{FAE04EC0-301F-11D3-BF4B-00C04F79EFBC}") = "2dgs_prototype", "2dgs_prototype\2dgs_prototype.csproj", "{DF687224-4B91-47A5-A6F6-E3E5693429EA}"
EndProject
Global
	GlobalSection(SolutionConfigurationPlatforms) = preSolution
		Debug|Any CPU = Debug|Any CPU
		Release|Any CPU = Release|Any CPU
	EndGlobalSection
	GlobalSection(ProjectConfigurationPlatforms) = postSolution
		{DF687224-4B91-47A5-A6F6-E3E5693429EA}.Debug|Any CPU.ActiveCfg = Debug|Any CPU
		{DF687224-4B91-47A5-A6F6-E3E5693429EA}.Debug|Any CPU.Build.0 = Debug|Any CPU
		{DF687224-4B91-47A5-A6F6-E3E5693429EA}.Release|Any CPU.ActiveCfg = Release|Any CPU
		{DF687224-4B91-47A5-A6F6-E3E5693429EA}.Release|Any CPU.Build.0 = Release|Any CPU
	EndGlobalSection
EndGlobal
